// !$*UTF8*$!
{
	archiveVersion = 1;
	classes = {
	};
	objectVersion = 50;
	objects = {

/* Begin PBXBuildFile section */
		CDDC384B2270C83600ECA451 /* main.cpp in Sources */ = {isa = PBXBuildFile; fileRef = CDDC384A2270C83600ECA451 /* main.cpp */; };
		CDFA191122833D99003063E0 /* SocketDemo.cpp in Sources */ = {isa = PBXBuildFile; fileRef = CDFA190F22833D99003063E0 /* SocketDemo.cpp */; };
		CDFA191422833FB9003063E0 /* SelectDemo.cpp in Sources */ = {isa = PBXBuildFile; fileRef = CDFA191222833FB9003063E0 /* SelectDemo.cpp */; };
		CDFA19172283508F003063E0 /* EpollDemo.cpp in Sources */ = {isa = PBXBuildFile; fileRef = CDFA19152283508F003063E0 /* EpollDemo.cpp */; };
/* End PBXBuildFile section */

/* Begin PBXCopyFilesBuildPhase section */
		CDDC38452270C83600ECA451 /* CopyFiles */ = {
			isa = PBXCopyFilesBuildPhase;
			buildActionMask = 2147483647;
			dstPath = /usr/share/man/man1/;
			dstSubfolderSpec = 0;
			files = (
			);
			runOnlyForDeploymentPostprocessing = 1;
		};
/* End PBXCopyFilesBuildPhase section */

/* Begin PBXFileReference section */
		CDDC38472270C83600ECA451 /* hotspot */ = {isa = PBXFileReference; explicitFileType = "compiled.mach-o.executable"; includeInIndex = 0; path = hotspot; sourceTree = BUILT_PRODUCTS_DIR; };
		CDDC384A2270C83600ECA451 /* main.cpp */ = {isa = PBXFileReference; lastKnownFileType = sourcecode.cpp.cpp; path = main.cpp; sourceTree = "<group>"; };
		CDFA190F22833D99003063E0 /* SocketDemo.cpp */ = {isa = PBXFileReference; lastKnownFileType = sourcecode.cpp.cpp; path = SocketDemo.cpp; sourceTree = "<group>"; };
		CDFA191022833D99003063E0 /* SocketDemo.hpp */ = {isa = PBXFileReference; lastKnownFileType = sourcecode.cpp.h; path = SocketDemo.hpp; sourceTree = "<group>"; };
		CDFA191222833FB9003063E0 /* SelectDemo.cpp */ = {isa = PBXFileReference; lastKnownFileType = sourcecode.cpp.cpp; path = SelectDemo.cpp; sourceTree = "<group>"; };
		CDFA191322833FB9003063E0 /* SelectDemo.hpp */ = {isa = PBXFileReference; lastKnownFileType = sourcecode.cpp.h; path = SelectDemo.hpp; sourceTree = "<group>"; };
		CDFA19152283508F003063E0 /* EpollDemo.cpp */ = {isa = PBXFileReference; lastKnownFileType = sourcecode.cpp.cpp; path = EpollDemo.cpp; sourceTree = "<group>"; };
		CDFA19162283508F003063E0 /* EpollDemo.hpp */ = {isa = PBXFileReference; lastKnownFileType = sourcecode.cpp.h; path = EpollDemo.hpp; sourceTree = "<group>"; };
/* End PBXFileReference section */

/* Begin PBXFrameworksBuildPhase section */
		CDDC38442270C83600ECA451 /* Frameworks */ = {
			isa = PBXFrameworksBuildPhase;
			buildActionMask = 2147483647;
			files = (
			);
			runOnlyForDeploymentPostprocessing = 0;
		};
/* End PBXFrameworksBuildPhase section */

/* Begin PBXGroup section */
		CDDC383E2270C83600ECA451 = {
			isa = PBXGroup;
			children = (
				CDDC38492270C83600ECA451 /* hotspot */,
				CDDC38482270C83600ECA451 /* Products */,
			);
			sourceTree = "<group>";
		};
		CDDC38482270C83600ECA451 /* Products */ = {
			isa = PBXGroup;
			children = (
				CDDC38472270C83600ECA451 /* hotspot */,
			);
			name = Products;
			sourceTree = "<group>";
		};
		CDDC38492270C83600ECA451 /* hotspot */ = {
			isa = PBXGroup;
			children = (
				CDFA190E22833D6E003063E0 /* tools */,
				CDDC384A2270C83600ECA451 /* main.cpp */,
			);
			path = hotspot;
			sourceTree = "<group>";
		};
		CDFA190E22833D6E003063E0 /* tools */ = {
			isa = PBXGroup;
			children = (
				CDFA190F22833D99003063E0 /* SocketDemo.cpp */,
				CDFA191022833D99003063E0 /* SocketDemo.hpp */,
				CDFA191222833FB9003063E0 /* SelectDemo.cpp */,
				CDFA191322833FB9003063E0 /* SelectDemo.hpp */,
				CDFA19152283508F003063E0 /* EpollDemo.cpp */,
				CDFA19162283508F003063E0 /* EpollDemo.hpp */,
			);
			path = tools;
			sourceTree = "<group>";
		};
/* End PBXGroup section */

/* Begin PBXNativeTarget section */
		CDDC38462270C83600ECA451 /* hotspot */ = {
			isa = PBXNativeTarget;
			buildConfigurationList = CDDC384E2270C83600ECA451 /* Build configuration list for PBXNativeTarget "hotspot" */;
			buildPhases = (
				CDDC38432270C83600ECA451 /* Sources */,
				CDDC38442270C83600ECA451 /* Frameworks */,
				CDDC38452270C83600ECA451 /* CopyFiles */,
			);
			buildRules = (
			);
			dependencies = (
			);
			name = hotspot;
			productName = hotspot;
			productReference = CDDC38472270C83600ECA451 /* hotspot */;
			productType = "com.apple.product-type.tool";
		};
/* End PBXNativeTarget section */

/* Begin PBXProject section */
		CDDC383F2270C83600ECA451 /* Project object */ = {
			isa = PBXProject;
			attributes = {
				LastUpgradeCheck = 1020;
				ORGANIZATIONNAME = gzfeng;
				TargetAttributes = {
					CDDC38462270C83600ECA451 = {
						CreatedOnToolsVersion = 10.2;
					};
				};
			};
			buildConfigurationList = CDDC38422270C83600ECA451 /* Build configuration list for PBXProject "hotspot" */;
			compatibilityVersion = "Xcode 9.3";
			developmentRegion = en;
			hasScannedForEncodings = 0;
			knownRegions = (
				en,
			);
			mainGroup = CDDC383E2270C83600ECA451;
			productRefGroup = CDDC38482270C83600ECA451 /* Products */;
			projectDirPath = "";
			projectRoot = "";
			targets = (
				CDDC38462270C83600ECA451 /* hotspot */,
			);
		};
/* End PBXProject section */

/* Begin PBXSourcesBuildPhase section */
		CDDC38432270C83600ECA451 /* Sources */ = {
			isa = PBXSourcesBuildPhase;
			buildActionMask = 2147483647;
			files = (
				CDFA19172283508F003063E0 /* EpollDemo.cpp in Sources */,
				CDDC384B2270C83600ECA451 /* main.cpp in Sources */,
				CDFA191422833FB9003063E0 /* SelectDemo.cpp in Sources */,
				CDFA191122833D99003063E0 /* SocketDemo.cpp in Sources */,
			);
			runOnlyForDeploymentPostprocessing = 0;
		};
/* End PBXSourcesBuildPhase section */

/* Begin XCBuildConfiguration section */
		CDDC384C2270C83600ECA451 /* Debug */ = {
			isa = XCBuildConfiguration;
			buildSettings = {
				ALWAYS_SEARCH_USER_PATHS = NO;
				CLANG_ANALYZER_NONNULL = YES;
				CLANG_ANALYZER_NUMBER_OBJECT_CONVERSION = YES_AGGRESSIVE;
				CLANG_CXX_LANGUAGE_STANDARD = "gnu++14";
				CLANG_CXX_LIBRARY = "libc++";
				CLANG_ENABLE_MODULES = YES;
				CLANG_ENABLE_OBJC_ARC = YES;
				CLANG_ENABLE_OBJC_WEAK = YES;
				CLANG_WARN_BLOCK_CAPTURE_AUTORELEASING = YES;
				CLANG_WARN_BOOL_CONVERSION = YES;
				CLANG_WARN_COMMA = YES;
				CLANG_WARN_CONSTANT_CONVERSION = YES;
				CLANG_WARN_DEPRECATED_OBJC_IMPLEMENTATIONS = YES;
				CLANG_WARN_DIRECT_OBJC_ISA_USAGE = YES_ERROR;
				CLANG_WARN_DOCUMENTATION_COMMENTS = YES;
				CLANG_WARN_EMPTY_BODY = YES;
				CLANG_WARN_ENUM_CONVERSION = YES;
				CLANG_WARN_INFINITE_RECURSION = YES;
				CLANG_WARN_INT_CONVERSION = YES;
				CLANG_WARN_NON_LITERAL_NULL_CONVERSION = YES;
				CLANG_WARN_OBJC_IMPLICIT_RETAIN_SELF = YES;
				CLANG_WARN_OBJC_LITERAL_CONVERSION = YES;
				CLANG_WARN_OBJC_ROOT_CLASS = YES_ERROR;
				CLANG_WARN_RANGE_LOOP_ANALYSIS = YES;
				CLANG_WARN_STRICT_PROTOTYPES = YES;
				CLANG_WARN_SUSPICIOUS_MOVE = YES;
				CLANG_WARN_UNGUARDED_AVAILABILITY = YES_AGGRESSIVE;
				CLANG_WARN_UNREACHABLE_CODE = YES;
				CLANG_WARN__DUPLICATE_METHOD_MATCH = YES;
				CODE_SIGN_IDENTITY = "Mac Developer";
				COPY_PHASE_STRIP = NO;
				DEBUG_INFORMATION_FORMAT = dwarf;
				ENABLE_STRICT_OBJC_MSGSEND = YES;
				ENABLE_TESTABILITY = YES;
				GCC_C_LANGUAGE_STANDARD = gnu11;
				GCC_DYNAMIC_NO_PIC = NO;
				GCC_NO_COMMON_BLOCKS = YES;
				GCC_OPTIMIZATION_LEVEL = 0;
				GCC_PREPROCESSOR_DEFINITIONS = (
					"DEBUG=1",
					"$(inherited)",
				);
				GCC_WARN_64_TO_32_BIT_CONVERSION = YES;
				GCC_WARN_ABOUT_RETURN_TYPE = YES_ERROR;
				GCC_WARN_UNDECLARED_SELECTOR = YES;
				GCC_WARN_UNINITIALIZED_AUTOS = YES_AGGRESSIVE;
				GCC_WARN_UNUSED_FUNCTION = YES;
				GCC_WARN_UNUSED_VARIABLE = YES;
				MACOSX_DEPLOYMENT_TARGET = 10.14;
				MTL_ENABLE_DEBUG_INFO = INCLUDE_SOURCE;
				MTL_FAST_MATH = YES;
				ONLY_ACTIVE_ARCH = YES;
				SDKROOT = macosx;
			};
			name = Debug;
		};
		CDDC384D2270C83600ECA451 /* Release */ = {
			isa = XCBuildConfiguration;
			buildSettings = {
				ALWAYS_SEARCH_USER_PATHS = NO;
				CLANG_ANALYZER_NONNULL = YES;
				CLANG_ANALYZER_NUMBER_OBJECT_CONVERSION = YES_AGGRESSIVE;
				CLANG_CXX_LANGUAGE_STANDARD = "gnu++14";
				CLANG_CXX_LIBRARY = "libc++";
				CLANG_ENABLE_MODULES = YES;
				CLANG_ENABLE_OBJC_ARC = YES;
				CLANG_ENABLE_OBJC_WEAK = YES;
				CLANG_WARN_BLOCK_CAPTURE_AUTORELEASING = YES;
				CLANG_WARN_BOOL_CONVERSION = YES;
				CLANG_WARN_COMMA = YES;
				CLANG_WARN_CONSTANT_CONVERSION = YES;
				CLANG_WARN_DEPRECATED_OBJC_IMPLEMENTATIONS = YES;
				CLANG_WARN_DIRECT_OBJC_ISA_USAGE = YES_ERROR;
				CLANG_WARN_DOCUMENTATION_COMMENTS = YES;
				CLANG_WARN_EMPTY_BODY = YES;
				CLANG_WARN_ENUM_CONVERSION = YES;
				CLANG_WARN_INFINITE_RECURSION = YES;
				CLANG_WARN_INT_CONVERSION = YES;
				CLANG_WARN_NON_LITERAL_NULL_CONVERSION = YES;
				CLANG_WARN_OBJC_IMPLICIT_RETAIN_SELF = YES;
				CLANG_WARN_OBJC_LITERAL_CONVERSION = YES;
				CLANG_WARN_OBJC_ROOT_CLASS = YES_ERROR;
				CLANG_WARN_RANGE_LOOP_ANALYSIS = YES;
				CLANG_WARN_STRICT_PROTOTYPES = YES;
				CLANG_WARN_SUSPICIOUS_MOVE = YES;
				CLANG_WARN_UNGUARDED_AVAILABILITY = YES_AGGRESSIVE;
				CLANG_WARN_UNREACHABLE_CODE = YES;
				CLANG_WARN__DUPLICATE_METHOD_MATCH = YES;
				CODE_SIGN_IDENTITY = "Mac Developer";
				COPY_PHASE_STRIP = NO;
				DEBUG_INFORMATION_FORMAT = "dwarf-with-dsym";
				ENABLE_NS_ASSERTIONS = NO;
				ENABLE_STRICT_OBJC_MSGSEND = YES;
				GCC_C_LANGUAGE_STANDARD = gnu11;
				GCC_NO_COMMON_BLOCKS = YES;
				GCC_WARN_64_TO_32_BIT_CONVERSION = YES;
				GCC_WARN_ABOUT_RETURN_TYPE = YES_ERROR;
				GCC_WARN_UNDECLARED_SELECTOR = YES;
				GCC_WARN_UNINITIALIZED_AUTOS = YES_AGGRESSIVE;
				GCC_WARN_UNUSED_FUNCTION = YES;
				GCC_WARN_UNUSED_VARIABLE = YES;
				MACOSX_DEPLOYMENT_TARGET = 10.14;
				MTL_ENABLE_DEBUG_INFO = NO;
				MTL_FAST_MATH = YES;
				SDKROOT = macosx;
			};
			name = Release;
		};
		CDDC384F2270C83600ECA451 /* Debug */ = {
			isa = XCBuildConfiguration;
			buildSettings = {
				CODE_SIGN_STYLE = Automatic;
				DEVELOPMENT_TEAM = A482HWD225;
				PRODUCT_NAME = "$(TARGET_NAME)";
			};
			name = Debug;
		};
		CDDC38502270C83600ECA451 /* Release */ = {
			isa = XCBuildConfiguration;
			buildSettings = {
				CODE_SIGN_STYLE = Automatic;
				DEVELOPMENT_TEAM = A482HWD225;
				PRODUCT_NAME = "$(TARGET_NAME)";
			};
			name = Release;
		};
/* End XCBuildConfiguration section */

/* Begin XCConfigurationList section */
		CDDC38422270C83600ECA451 /* Build configuration list for PBXProject "hotspot" */ = {
			isa = XCConfigurationList;
			buildConfigurations = (
				CDDC384C2270C83600ECA451 /* Debug */,
				CDDC384D2270C83600ECA451 /* Release */,
			);
			defaultConfigurationIsVisible = 0;
			defaultConfigurationName = Release;
		};
		CDDC384E2270C83600ECA451 /* Build configuration list for PBXNativeTarget "hotspot" */ = {
			isa = XCConfigurationList;
			buildConfigurations = (
				CDDC384F2270C83600ECA451 /* Debug */,
				CDDC38502270C83600ECA451 /* Release */,
			);
			defaultConfigurationIsVisible = 0;
			defaultConfigurationName = Release;
		};
/* End XCConfigurationList section */
	};
	rootObject = CDDC383F2270C83600ECA451 /* Project object */;
}
